// !$*UTF8*$!
{
	archiveVersion = 1;
	classes = {
	};
	objectVersion = 46;
	objects = {

/* Begin PBXBuildFile section */
		8406C30A1CD0975700A2691E /* CitiesList.xcdatamodeld in Sources */ = {isa = PBXBuildFile; fileRef = 8406C3081CD0975700A2691E /* CitiesList.xcdatamodeld */; };
		844264151CD00DD30003DA8B /* Weather.swift in Sources */ = {isa = PBXBuildFile; fileRef = 844264131CD00DD30003DA8B /* Weather.swift */; };
		844475511CCB76CD00B6A272 /* MyCustomDayCell.swift in Sources */ = {isa = PBXBuildFile; fileRef = 844475501CCB76CD00B6A272 /* MyCustomDayCell.swift */; };
		844475531CCB774700B6A272 /* MyCustomDaySmallCell.swift in Sources */ = {isa = PBXBuildFile; fileRef = 844475521CCB774700B6A272 /* MyCustomDaySmallCell.swift */; };
		844475601CCF70CA00B6A272 /* City+CoreDataProperties.swift in Sources */ = {isa = PBXBuildFile; fileRef = 8444755F1CCF70CA00B6A272 /* City+CoreDataProperties.swift */; };
		844475831CCF739200B6A272 /* CoreDataManager.swift in Sources */ = {isa = PBXBuildFile; fileRef = 844475821CCF739200B6A272 /* CoreDataManager.swift */; };
		844475851CCFD0CD00B6A272 /* NetworkOperation.swift in Sources */ = {isa = PBXBuildFile; fileRef = 844475841CCFD0CD00B6A272 /* NetworkOperation.swift */; };
		84B2A8311CBEF47800FF1A6C /* AppDelegate.swift in Sources */ = {isa = PBXBuildFile; fileRef = 84B2A8301CBEF47800FF1A6C /* AppDelegate.swift */; };
		84B2A8361CBEF47800FF1A6C /* Main.storyboard in Resources */ = {isa = PBXBuildFile; fileRef = 84B2A8341CBEF47800FF1A6C /* Main.storyboard */; };
		84B2A8381CBEF47800FF1A6C /* Assets.xcassets in Resources */ = {isa = PBXBuildFile; fileRef = 84B2A8371CBEF47800FF1A6C /* Assets.xcassets */; };
		84B2A83B1CBEF47800FF1A6C /* LaunchScreen.storyboard in Resources */ = {isa = PBXBuildFile; fileRef = 84B2A8391CBEF47800FF1A6C /* LaunchScreen.storyboard */; };
		84B2A8431CBF763300FF1A6C /* ForecastViewController.swift in Sources */ = {isa = PBXBuildFile; fileRef = 84B2A8421CBF763300FF1A6C /* ForecastViewController.swift */; };
		84B2A8451CBF9E1700FF1A6C /* WeatherTableTableViewController.swift in Sources */ = {isa = PBXBuildFile; fileRef = 84B2A8441CBF9E1700FF1A6C /* WeatherTableTableViewController.swift */; };
		84B2A8471CC5531E00FF1A6C /* CurrentWeather.swift in Sources */ = {isa = PBXBuildFile; fileRef = 84B2A8461CC5531E00FF1A6C /* CurrentWeather.swift */; };
/* End PBXBuildFile section */

/* Begin PBXFileReference section */
		8406C3091CD0975700A2691E /* CitiesList.xcdatamodel */ = {isa = PBXFileReference; lastKnownFileType = wrapper.xcdatamodel; path = CitiesList.xcdatamodel; sourceTree = "<group>"; };
		844264131CD00DD30003DA8B /* Weather.swift */ = {isa = PBXFileReference; fileEncoding = 4; lastKnownFileType = sourcecode.swift; path = Weather.swift; sourceTree = "<group>"; };
		844475501CCB76CD00B6A272 /* MyCustomDayCell.swift */ = {isa = PBXFileReference; fileEncoding = 4; lastKnownFileType = sourcecode.swift; path = MyCustomDayCell.swift; sourceTree = "<group>"; };
		844475521CCB774700B6A272 /* MyCustomDaySmallCell.swift */ = {isa = PBXFileReference; fileEncoding = 4; lastKnownFileType = sourcecode.swift; path = MyCustomDaySmallCell.swift; sourceTree = "<group>"; };
		8444755F1CCF70CA00B6A272 /* City+CoreDataProperties.swift */ = {isa = PBXFileReference; fileEncoding = 4; lastKnownFileType = sourcecode.swift; path = "City+CoreDataProperties.swift"; sourceTree = "<group>"; };
		844475821CCF739200B6A272 /* CoreDataManager.swift */ = {isa = PBXFileReference; fileEncoding = 4; lastKnownFileType = sourcecode.swift; path = CoreDataManager.swift; sourceTree = "<group>"; };
		844475841CCFD0CD00B6A272 /* NetworkOperation.swift */ = {isa = PBXFileReference; fileEncoding = 4; lastKnownFileType = sourcecode.swift; path = NetworkOperation.swift; sourceTree = "<group>"; };
		84B2A82D1CBEF47800FF1A6C /* Weather.app */ = {isa = PBXFileReference; explicitFileType = wrapper.application; includeInIndex = 0; path = Weather.app; sourceTree = BUILT_PRODUCTS_DIR; };
		84B2A8301CBEF47800FF1A6C /* AppDelegate.swift */ = {isa = PBXFileReference; lastKnownFileType = sourcecode.swift; path = AppDelegate.swift; sourceTree = "<group>"; };
		84B2A8351CBEF47800FF1A6C /* Base */ = {isa = PBXFileReference; lastKnownFileType = file.storyboard; name = Base; path = Base.lproj/Main.storyboard; sourceTree = "<group>"; };
		84B2A8371CBEF47800FF1A6C /* Assets.xcassets */ = {isa = PBXFileReference; lastKnownFileType = folder.assetcatalog; path = Assets.xcassets; sourceTree = "<group>"; };
		84B2A83A1CBEF47800FF1A6C /* Base */ = {isa = PBXFileReference; lastKnownFileType = file.storyboard; name = Base; path = Base.lproj/LaunchScreen.storyboard; sourceTree = "<group>"; };
		84B2A83C1CBEF47800FF1A6C /* Info.plist */ = {isa = PBXFileReference; lastKnownFileType = text.plist.xml; path = Info.plist; sourceTree = "<group>"; };
		84B2A8421CBF763300FF1A6C /* ForecastViewController.swift */ = {isa = PBXFileReference; fileEncoding = 4; lastKnownFileType = sourcecode.swift; path = ForecastViewController.swift; sourceTree = "<group>"; };
		84B2A8441CBF9E1700FF1A6C /* WeatherTableTableViewController.swift */ = {isa = PBXFileReference; fileEncoding = 4; lastKnownFileType = sourcecode.swift; path = WeatherTableTableViewController.swift; sourceTree = "<group>"; };
		84B2A8461CC5531E00FF1A6C /* CurrentWeather.swift */ = {isa = PBXFileReference; fileEncoding = 4; lastKnownFileType = sourcecode.swift; path = CurrentWeather.swift; sourceTree = "<group>"; };
/* End PBXFileReference section */

/* Begin PBXFrameworksBuildPhase section */
		84B2A82A1CBEF47800FF1A6C /* Frameworks */ = {
			isa = PBXFrameworksBuildPhase;
			buildActionMask = 2147483647;
			files = (
			);
			runOnlyForDeploymentPostprocessing = 0;
		};
/* End PBXFrameworksBuildPhase section */

/* Begin PBXGroup section */
		84B2A8241CBEF47700FF1A6C = {
			isa = PBXGroup;
			children = (
				844264131CD00DD30003DA8B /* Weather.swift */,
				8444755F1CCF70CA00B6A272 /* City+CoreDataProperties.swift */,
				84B2A82F1CBEF47800FF1A6C /* Weather */,
				84B2A82E1CBEF47800FF1A6C /* Products */,
			);
			sourceTree = "<group>";
		};
		84B2A82E1CBEF47800FF1A6C /* Products */ = {
			isa = PBXGroup;
			children = (
				84B2A82D1CBEF47800FF1A6C /* Weather.app */,
			);
			name = Products;
			sourceTree = "<group>";
		};
		84B2A82F1CBEF47800FF1A6C /* Weather */ = {
			isa = PBXGroup;
			children = (
				844475821CCF739200B6A272 /* CoreDataManager.swift */,
				84B2A8441CBF9E1700FF1A6C /* WeatherTableTableViewController.swift */,
				84B2A8421CBF763300FF1A6C /* ForecastViewController.swift */,
				84B2A8461CC5531E00FF1A6C /* CurrentWeather.swift */,
				84B2A8341CBEF47800FF1A6C /* Main.storyboard */,
				84B2A8371CBEF47800FF1A6C /* Assets.xcassets */,
				84B2A8391CBEF47800FF1A6C /* LaunchScreen.storyboard */,
				84B2A83C1CBEF47800FF1A6C /* Info.plist */,
				844475501CCB76CD00B6A272 /* MyCustomDayCell.swift */,
				844475521CCB774700B6A272 /* MyCustomDaySmallCell.swift */,
				844475841CCFD0CD00B6A272 /* NetworkOperation.swift */,
				8406C3081CD0975700A2691E /* CitiesList.xcdatamodeld */,
				84B2A8301CBEF47800FF1A6C /* AppDelegate.swift */,
			);
			path = Weather;
			sourceTree = "<group>";
		};
/* End PBXGroup section */

/* Begin PBXNativeTarget section */
		84B2A82C1CBEF47800FF1A6C /* Weather */ = {
			isa = PBXNativeTarget;
			buildConfigurationList = 84B2A83F1CBEF47800FF1A6C /* Build configuration list for PBXNativeTarget "Weather" */;
			buildPhases = (
				84B2A8291CBEF47800FF1A6C /* Sources */,
				84B2A82A1CBEF47800FF1A6C /* Frameworks */,
				84B2A82B1CBEF47800FF1A6C /* Resources */,
			);
			buildRules = (
			);
			dependencies = (
			);
			name = Weather;
			productName = Weather;
			productReference = 84B2A82D1CBEF47800FF1A6C /* Weather.app */;
			productType = "com.apple.product-type.application";
		};
/* End PBXNativeTarget section */

/* Begin PBXProject section */
		84B2A8251CBEF47700FF1A6C /* Project object */ = {
			isa = PBXProject;
			attributes = {
				LastSwiftUpdateCheck = 0730;
				LastUpgradeCheck = 0730;
				ORGANIZATIONNAME = Admin;
				TargetAttributes = {
					84B2A82C1CBEF47800FF1A6C = {
						CreatedOnToolsVersion = 7.3;
						DevelopmentTeam = 9MWKH3S5T4;
					};
				};
			};
			buildConfigurationList = 84B2A8281CBEF47700FF1A6C /* Build configuration list for PBXProject "Weather" */;
			compatibilityVersion = "Xcode 3.2";
			developmentRegion = English;
			hasScannedForEncodings = 0;
			knownRegions = (
				en,
				Base,
			);
			mainGroup = 84B2A8241CBEF47700FF1A6C;
			productRefGroup = 84B2A82E1CBEF47800FF1A6C /* Products */;
			projectDirPath = "";
			projectRoot = "";
			targets = (
				84B2A82C1CBEF47800FF1A6C /* Weather */,
			);
		};
/* End PBXProject section */

/* Begin PBXResourcesBuildPhase section */
		84B2A82B1CBEF47800FF1A6C /* Resources */ = {
			isa = PBXResourcesBuildPhase;
			buildActionMask = 2147483647;
			files = (
				84B2A83B1CBEF47800FF1A6C /* LaunchScreen.storyboard in Resources */,
				84B2A8381CBEF47800FF1A6C /* Assets.xcassets in Resources */,
				84B2A8361CBEF47800FF1A6C /* Main.storyboard in Resources */,
			);
			runOnlyForDeploymentPostprocessing = 0;
		};
/* End PBXResourcesBuildPhase section */

/* Begin PBXSourcesBuildPhase section */
		84B2A8291CBEF47800FF1A6C /* Sources */ = {
			isa = PBXSourcesBuildPhase;
			buildActionMask = 2147483647;
			files = (
				84B2A8451CBF9E1700FF1A6C /* WeatherTableTableViewController.swift in Sources */,
				844475601CCF70CA00B6A272 /* City+CoreDataProperties.swift in Sources */,
				84B2A8311CBEF47800FF1A6C /* AppDelegate.swift in Sources */,
				844264151CD00DD30003DA8B /* Weather.swift in Sources */,
				8406C30A1CD0975700A2691E /* CitiesList.xcdatamodeld in Sources */,
				84B2A8471CC5531E00FF1A6C /* CurrentWeather.swift in Sources */,
				844475531CCB774700B6A272 /* MyCustomDaySmallCell.swift in Sources */,
				84B2A8431CBF763300FF1A6C /* ForecastViewController.swift in Sources */,
				844475831CCF739200B6A272 /* CoreDataManager.swift in Sources */,
				844475511CCB76CD00B6A272 /* MyCustomDayCell.swift in Sources */,
				844475851CCFD0CD00B6A272 /* NetworkOperation.swift in Sources */,
			);
			runOnlyForDeploymentPostprocessing = 0;
		};
/* End PBXSourcesBuildPhase section */

/* Begin PBXVariantGroup section */
		84B2A8341CBEF47800FF1A6C /* Main.storyboard */ = {
			isa = PBXVariantGroup;
			children = (
				84B2A8351CBEF47800FF1A6C /* Base */,
			);
			name = Main.storyboard;
			sourceTree = "<group>";
		};
		84B2A8391CBEF47800FF1A6C /* LaunchScreen.storyboard */ = {
			isa = PBXVariantGroup;
			children = (
				84B2A83A1CBEF47800FF1A6C /* Base */,
			);
			name = LaunchScreen.storyboard;
			sourceTree = "<group>";
		};
/* End PBXVariantGroup section */

/* Begin XCBuildConfiguration section */
		84B2A83D1CBEF47800FF1A6C /* Debug */ = {
			isa = XCBuildConfiguration;
			buildSettings = {
				ALWAYS_SEARCH_USER_PATHS = NO;
				CLANG_ANALYZER_NONNULL = YES;
				CLANG_CXX_LANGUAGE_STANDARD = "gnu++0x";
				CLANG_CXX_LIBRARY = "libc++";
				CLANG_ENABLE_MODULES = YES;
				CLANG_ENABLE_OBJC_ARC = YES;
				CLANG_WARN_BOOL_CONVERSION = YES;
				CLANG_WARN_CONSTANT_CONVERSION = YES;
				CLANG_WARN_DIRECT_OBJC_ISA_USAGE = YES_ERROR;
				CLANG_WARN_EMPTY_BODY = YES;
				CLANG_WARN_ENUM_CONVERSION = YES;
				CLANG_WARN_INT_CONVERSION = YES;
				CLANG_WARN_OBJC_ROOT_CLASS = YES_ERROR;
				CLANG_WARN_UNREACHABLE_CODE = YES;
				CLANG_WARN__DUPLICATE_METHOD_MATCH = YES;
				"CODE_SIGN_IDENTITY[sdk=iphoneos*]" = "iPhone Developer";
				COPY_PHASE_STRIP = NO;
				DEBUG_INFORMATION_FORMAT = dwarf;
				ENABLE_STRICT_OBJC_MSGSEND = YES;
				ENABLE_TESTABILITY = YES;
				GCC_C_LANGUAGE_STANDARD = gnu99;
				GCC_DYNAMIC_NO_PIC = NO;
				GCC_NO_COMMON_BLOCKS = YES;
				GCC_OPTIMIZATION_LEVEL = 0;
				GCC_PREPROCESSOR_DEFINITIONS = (
					"DEBUG=1",
					"$(inherited)",
				);
				GCC_WARN_64_TO_32_BIT_CONVERSION = YES;
				GCC_WARN_ABOUT_RETURN_TYPE = YES_ERROR;
				GCC_WARN_UNDECLARED_SELECTOR = YES;
				GCC_WARN_UNINITIALIZED_AUTOS = YES_AGGRESSIVE;
				GCC_WARN_UNUSED_FUNCTION = YES;
				GCC_WARN_UNUSED_VARIABLE = YES;
				IPHONEOS_DEPLOYMENT_TARGET = 9.3;
				MTL_ENABLE_DEBUG_INFO = YES;
				ONLY_ACTIVE_ARCH = YES;
				SDKROOT = iphoneos;
				SWIFT_OPTIMIZATION_LEVEL = "-Onone";
			};
			name = Debug;
		};
		84B2A83E1CBEF47800FF1A6C /* Release */ = {
			isa = XCBuildConfiguration;
			buildSettings = {
				ALWAYS_SEARCH_USER_PATHS = NO;
				CLANG_ANALYZER_NONNULL = YES;
				CLANG_CXX_LANGUAGE_STANDARD = "gnu++0x";
				CLANG_CXX_LIBRARY = "libc++";
				CLANG_ENABLE_MODULES = YES;
				CLANG_ENABLE_OBJC_ARC = YES;
				CLANG_WARN_BOOL_CONVERSION = YES;
				CLANG_WARN_CONSTANT_CONVERSION = YES;
				CLANG_WARN_DIRECT_OBJC_ISA_USAGE = YES_ERROR;
				CLANG_WARN_EMPTY_BODY = YES;
				CLANG_WARN_ENUM_CONVERSION = YES;
				CLANG_WARN_INT_CONVERSION = YES;
				CLANG_WARN_OBJC_ROOT_CLASS = YES_ERROR;
				CLANG_WARN_UNREACHABLE_CODE = YES;
				CLANG_WARN__DUPLICATE_METHOD_MATCH = YES;
				"CODE_SIGN_IDENTITY[sdk=iphoneos*]" = "iPhone Developer";
				COPY_PHASE_STRIP = NO;
				DEBUG_INFORMATION_FORMAT = "dwarf-with-dsym";
				ENABLE_NS_ASSERTIONS = NO;
				ENABLE_STRICT_OBJC_MSGSEND = YES;
				GCC_C_LANGUAGE_STANDARD = gnu99;
				GCC_NO_COMMON_BLOCKS = YES;
				GCC_WARN_64_TO_32_BIT_CONVERSION = YES;
				GCC_WARN_ABOUT_RETURN_TYPE = YES_ERROR;
				GCC_WARN_UNDECLARED_SELECTOR = YES;
				GCC_WARN_UNINITIALIZED_AUTOS = YES_AGGRESSIVE;
				GCC_WARN_UNUSED_FUNCTION = YES;
				GCC_WARN_UNUSED_VARIABLE = YES;
				IPHONEOS_DEPLOYMENT_TARGET = 9.3;
				MTL_ENABLE_DEBUG_INFO = NO;
				SDKROOT = iphoneos;
				VALIDATE_PRODUCT = YES;
			};
			name = Release;
		};
		84B2A8401CBEF47800FF1A6C /* Debug */ = {
			isa = XCBuildConfiguration;
			buildSettings = {
				ASSETCATALOG_COMPILER_APPICON_NAME = AppIcon;
				CODE_SIGN_IDENTITY = "iPhone Developer";
				"CODE_SIGN_IDENTITY[sdk=iphoneos*]" = "iPhone Developer";
				INFOPLIST_FILE = Weather/Info.plist;
				LD_RUNPATH_SEARCH_PATHS = "$(inherited) @executable_path/Frameworks";
				PRODUCT_BUNDLE_IDENTIFIER = tarasmaloid.Weather;
				PRODUCT_NAME = "$(TARGET_NAME)";
				PROVISIONING_PROFILE = "";
			};
			name = Debug;
		};
		84B2A8411CBEF47800FF1A6C /* Release */ = {
			isa = XCBuildConfiguration;
			buildSettings = {
				ASSETCATALOG_COMPILER_APPICON_NAME = AppIcon;
				CODE_SIGN_IDENTITY = "iPhone Developer";
				"CODE_SIGN_IDENTITY[sdk=iphoneos*]" = "iPhone Developer";
				INFOPLIST_FILE = Weather/Info.plist;
				LD_RUNPATH_SEARCH_PATHS = "$(inherited) @executable_path/Frameworks";
				PRODUCT_BUNDLE_IDENTIFIER = tarasmaloid.Weather;
				PRODUCT_NAME = "$(TARGET_NAME)";
				PROVISIONING_PROFILE = "";
			};
			name = Release;
		};
/* End XCBuildConfiguration section */

/* Begin XCConfigurationList section */
		84B2A8281CBEF47700FF1A6C /* Build configuration list for PBXProject "Weather" */ = {
			isa = XCConfigurationList;
			buildConfigurations = (
				84B2A83D1CBEF47800FF1A6C /* Debug */,
				84B2A83E1CBEF47800FF1A6C /* Release */,
			);
			defaultConfigurationIsVisible = 0;
			defaultConfigurationName = Release;
		};
		84B2A83F1CBEF47800FF1A6C /* Build configuration list for PBXNativeTarget "Weather" */ = {
			isa = XCConfigurationList;
			buildConfigurations = (
				84B2A8401CBEF47800FF1A6C /* Debug */,
				84B2A8411CBEF47800FF1A6C /* Release */,
			);
			defaultConfigurationIsVisible = 0;
			defaultConfigurationName = Release;
		};
/* End XCConfigurationList section */

/* Begin XCVersionGroup section */
		8406C3081CD0975700A2691E /* CitiesList.xcdatamodeld */ = {
			isa = XCVersionGroup;
			children = (
				8406C3091CD0975700A2691E /* CitiesList.xcdatamodel */,
			);
			currentVersion = 8406C3091CD0975700A2691E /* CitiesList.xcdatamodel */;
			path = CitiesList.xcdatamodeld;
			sourceTree = "<group>";
			versionGroupType = wrapper.xcdatamodel;
		};
/* End XCVersionGroup section */
	};
	rootObject = 84B2A8251CBEF47700FF1A6C /* Project object */;
}
